{
  "version": 4,
  "terraform_version": "1.13.5",
  "serial": 15,
  "lineage": "1e5c4ddc-3f73-8062-3017-67615fb07de1",
  "outputs": {
    "my-vm-public-ip": {
      "value": "34.201.91.160",
      "type": "string"
    }
  },
  "resources": [
    {
      "mode": "managed",
      "type": "aws_instance",
      "name": "example",
      "provider": "provider[\"registry.terraform.io/hashicorp/aws\"]",
      "instances": [
        {
          "schema_version": 2,
          "attributes": {
            "ami": "ami-0cae6d6fe6048ca2c",
            "arn": "arn:aws:ec2:us-east-1:992382386705:instance/i-08e5aef40c7e5afcc",
            "associate_public_ip_address": true,
            "availability_zone": "us-east-1d",
            "capacity_reservation_specification": [
              {
                "capacity_reservation_preference": "open",
                "capacity_reservation_target": []
              }
            ],
            "cpu_options": [
              {
                "amd_sev_snp": "",
                "core_count": 1,
                "threads_per_core": 1
              }
            ],
            "credit_specification": [
              {
                "cpu_credits": "standard"
              }
            ],
            "disable_api_stop": false,
            "disable_api_termination": false,
            "ebs_block_device": [],
            "ebs_optimized": false,
            "enable_primary_ipv6": null,
            "enclave_options": [
              {
                "enabled": false
              }
            ],
            "ephemeral_block_device": [],
            "force_destroy": false,
            "get_password_data": false,
            "hibernation": false,
            "host_id": "",
            "host_resource_group_arn": null,
            "iam_instance_profile": "",
            "id": "i-08e5aef40c7e5afcc",
            "instance_initiated_shutdown_behavior": "stop",
            "instance_lifecycle": "",
            "instance_market_options": [],
            "instance_state": "running",
            "instance_type": "t2.nano",
            "ipv6_address_count": 0,
            "ipv6_addresses": [],
            "key_name": "splunk-key",
            "launch_template": [],
            "maintenance_options": [
              {
                "auto_recovery": "default"
              }
            ],
            "metadata_options": [
              {
                "http_endpoint": "enabled",
                "http_protocol_ipv6": "disabled",
                "http_put_response_hop_limit": 2,
                "http_tokens": "required",
                "instance_metadata_tags": "disabled"
              }
            ],
            "monitoring": false,
            "network_interface": [],
            "outpost_arn": "",
            "password_data": "",
            "placement_group": "",
            "placement_group_id": "",
            "placement_partition_number": 0,
            "primary_network_interface": [
              {
                "delete_on_termination": true,
                "network_interface_id": "eni-0178f7d2c7ea80da2"
              }
            ],
            "primary_network_interface_id": "eni-0178f7d2c7ea80da2",
            "private_dns": "ip-172-31-24-170.ec2.internal",
            "private_dns_name_options": [
              {
                "enable_resource_name_dns_a_record": false,
                "enable_resource_name_dns_aaaa_record": false,
                "hostname_type": "ip-name"
              }
            ],
            "private_ip": "172.31.24.170",
            "public_dns": "ec2-34-201-91-160.compute-1.amazonaws.com",
            "public_ip": "34.201.91.160",
            "region": "us-east-1",
            "root_block_device": [
              {
                "delete_on_termination": true,
                "device_name": "/dev/xvda",
                "encrypted": false,
                "iops": 3000,
                "kms_key_id": "",
                "tags": {},
                "tags_all": {},
                "throughput": 125,
                "volume_id": "vol-038304499e5f9274f",
                "volume_size": 8,
                "volume_type": "gp3"
              }
            ],
            "secondary_private_ips": [],
            "security_groups": [
              "default"
            ],
            "source_dest_check": true,
            "spot_instance_request_id": "",
            "subnet_id": "subnet-0f9867f363a96b790",
            "tags": {
              "Name": "jen-vm-newname-final"
            },
            "tags_all": {
              "Name": "jen-vm-newname-final"
            },
            "tenancy": "default",
            "timeouts": null,
            "user_data": null,
            "user_data_base64": null,
            "user_data_replace_on_change": false,
            "volume_tags": null,
            "vpc_security_group_ids": [
              "sg-07138df2e19c406e4"
            ]
          },
          "sensitive_attributes": [],
          "identity_schema_version": 0,
          "identity": {
            "account_id": "992382386705",
            "id": "i-08e5aef40c7e5afcc",
            "region": "us-east-1"
          },
          "private": "eyJlMmJmYjczMC1lY2FhLTExZTYtOGY4OC0zNDM2M2JjN2M0YzAiOnsiY3JlYXRlIjo2MDAwMDAwMDAwMDAsImRlbGV0ZSI6MTIwMDAwMDAwMDAwMCwicmVhZCI6OTAwMDAwMDAwMDAwLCJ1cGRhdGUiOjYwMDAwMDAwMDAwMH0sInNjaGVtYV92ZXJzaW9uIjoiMiJ9"
        }
      ]
    },
    {
      "mode": "managed",
      "type": "local_file",
      "name": "jenber_Ip",
      "provider": "provider[\"registry.terraform.io/hashicorp/local\"]",
      "instances": [
        {
          "schema_version": 0,
          "attributes": {
            "content": "34.201.91.160",
            "content_base64": null,
            "content_base64sha256": "q4pgo6NsFAivaiC/NmxPJsGdn2cJB0Nn96ONS1wRTVs=",
            "content_base64sha512": "Fha65BjGfcYoV8pROWEYs0Qqu2dRY1G7LgRrFUPuhsS/zDkxapYuYr0sCLWW2eNsuifPfMB9K/CtSK8pT44igQ==",
            "content_md5": "17a2e7fcbe4e9a5aa4a0bdcd1028ab58",
            "content_sha1": "f2dc39c2bedfe252738ceaecab26a709d42f8226",
            "content_sha256": "ab8a60a3a36c1408af6a20bf366c4f26c19d9f6709074367f7a38d4b5c114d5b",
            "content_sha512": "1616bae418c67dc62857ca51396118b3442abb67516351bb2e046b1543ee86c4bfcc39316a962e62bd2c08b596d9e36cba27cf7cc07d2bf0ad48af294f8e2281",
            "directory_permission": "0777",
            "file_permission": "0777",
            "filename": "./myip.txt",
            "id": "f2dc39c2bedfe252738ceaecab26a709d42f8226",
            "sensitive_content": null,
            "source": null
          },
          "sensitive_attributes": [
            [
              {
                "type": "get_attr",
                "value": "sensitive_content"
              }
            ]
          ],
          "identity_schema_version": 0,
          "dependencies": [
            "aws_instance.example"
          ]
        }
      ]
    }
  ],
  "check_results": null
}
